Microsoft Visual Studio Solution File, Format Version 12.00
# Visual Studio Version 17
VisualStudioVersion = 17.5.2.0
MinimumVisualStudioVersion = 10.0.40219.1
Project("{FAE04EC0-301F-11D3-BF4B-00C04F79EFBC}") = "xtd_data_generator", "xtd_data_generator.csproj", "{954C71FF-52F2-5258-AC21-1E7A1114151F}"
EndProject
Global
	GlobalSection(SolutionConfigurationPlatforms) = preSolution
		Debug|Any CPU = Debug|Any CPU
		Release|Any CPU = Release|Any CPU
	EndGlobalSection
	GlobalSection(ProjectConfigurationPlatforms) = postSolution
		{954C71FF-52F2-5258-AC21-1E7A1114151F}.Debug|Any CPU.ActiveCfg = Debug|Any CPU
		{954C71FF-52F2-5258-AC21-1E7A1114151F}.Debug|Any CPU.Build.0 = Debug|Any CPU
		{954C71FF-52F2-5258-AC21-1E7A1114151F}.Release|Any CPU.ActiveCfg = Release|Any CPU
		{954C71FF-52F2-5258-AC21-1E7A1114151F}.Release|Any CPU.Build.0 = Release|Any CPU
	EndGlobalSection
	GlobalSection(SolutionProperties) = preSolution
		HideSolutionNode = FALSE
	EndGlobalSection
	GlobalSection(ExtensibilityGlobals) = postSolution
		SolutionGuid = {54EA70FF-9C5B-495F-837E-AF30E1615EB9}
	EndGlobalSection
EndGlobal
